// !$*UTF8*$!
{
	archiveVersion = 1;
	classes = {
	};
	objectVersion = 52;
	objects = {

/* Begin PBXBuildFile section */
		CF6DD33626B0684000721F2A /* AppDelegate.swift in Sources */ = {isa = PBXBuildFile; fileRef = CF6DD33526B0684000721F2A /* AppDelegate.swift */; };
		CF6DD33A26B0684200721F2A /* Assets.xcassets in Resources */ = {isa = PBXBuildFile; fileRef = CF6DD33926B0684200721F2A /* Assets.xcassets */; };
		CF6DD34926B0684200721F2A /* PaletteTests.swift in Sources */ = {isa = PBXBuildFile; fileRef = CF6DD34826B0684200721F2A /* PaletteTests.swift */; };
		CF6DD35426B0684200721F2A /* PaletteUITests.swift in Sources */ = {isa = PBXBuildFile; fileRef = CF6DD35326B0684200721F2A /* PaletteUITests.swift */; };
		CF6F366D26C3EA9A00FFE283 /* MainPanelController.swift in Sources */ = {isa = PBXBuildFile; fileRef = CF6F366C26C3EA9A00FFE283 /* MainPanelController.swift */; };
		CF6F367026C523C300FFE283 /* KeyboardShortcuts in Frameworks */ = {isa = PBXBuildFile; productRef = CF6F366F26C523C300FFE283 /* KeyboardShortcuts */; };
		CF6F367226C5240700FFE283 /* Constants.swift in Sources */ = {isa = PBXBuildFile; fileRef = CF6F367126C5240700FFE283 /* Constants.swift */; };
		CF83070026C0FBAB00E5A8A5 /* MainPanel.swift in Sources */ = {isa = PBXBuildFile; fileRef = CF8306FF26C0FBAB00E5A8A5 /* MainPanel.swift */; };
		CFCD713C26B1A4BC0014851C /* FileSearch.swift in Sources */ = {isa = PBXBuildFile; fileRef = CFCD713B26B1A4BC0014851C /* FileSearch.swift */; };
		CFCD713E26B2D2300014851C /* FileSearchTests.swift in Sources */ = {isa = PBXBuildFile; fileRef = CFCD713D26B2D2300014851C /* FileSearchTests.swift */; };
		CFCEC24326B458030009F5ED /* QuerySanitiserTests.swift in Sources */ = {isa = PBXBuildFile; fileRef = CFCEC24226B458030009F5ED /* QuerySanitiserTests.swift */; };
		CFCEC24526B458150009F5ED /* QuerySanitiser.swift in Sources */ = {isa = PBXBuildFile; fileRef = CFCEC24426B458150009F5ED /* QuerySanitiser.swift */; };
		CFF44F5C26D38A9D000AF18C /* LocalAppSearch.swift in Sources */ = {isa = PBXBuildFile; fileRef = CFF44F5B26D38A9D000AF18C /* LocalAppSearch.swift */; };
		CFF44F5F26D3949A000AF18C /* ResultItem.swift in Sources */ = {isa = PBXBuildFile; fileRef = CFF44F5E26D3949A000AF18C /* ResultItem.swift */; };
		CFF44F6126D3C6E3000AF18C /* SceneViewController.swift in Sources */ = {isa = PBXBuildFile; fileRef = CFF44F6026D3C6E3000AF18C /* SceneViewController.swift */; };
		CFF44F6526DA94A4000AF18C /* WidgetsViewController.swift in Sources */ = {isa = PBXBuildFile; fileRef = CFF44F6326DA94A4000AF18C /* WidgetsViewController.swift */; };
		CFF44F6626DA94A4000AF18C /* WidgetsViewController.xib in Resources */ = {isa = PBXBuildFile; fileRef = CFF44F6426DA94A4000AF18C /* WidgetsViewController.xib */; };
		CFF44F6826DE4F76000AF18C /* main.swift in Sources */ = {isa = PBXBuildFile; fileRef = CFF44F6726DE4F76000AF18C /* main.swift */; };
		CFF9AB8E26D24E7C0070613A /* MainViewController.swift in Sources */ = {isa = PBXBuildFile; fileRef = CFF9AB8C26D24E7C0070613A /* MainViewController.swift */; };
		CFF9AB8F26D24E7C0070613A /* MainViewController.xib in Resources */ = {isa = PBXBuildFile; fileRef = CFF9AB8D26D24E7C0070613A /* MainViewController.xib */; };
		CFF9AB9526D2A8F40070613A /* RootSearchViewController.swift in Sources */ = {isa = PBXBuildFile; fileRef = CFF9AB9326D2A8F40070613A /* RootSearchViewController.swift */; };
		CFF9AB9626D2A8F40070613A /* RootSearchViewController.xib in Resources */ = {isa = PBXBuildFile; fileRef = CFF9AB9426D2A8F40070613A /* RootSearchViewController.xib */; };
/* End PBXBuildFile section */

/* Begin PBXContainerItemProxy section */
		CF6DD34526B0684200721F2A /* PBXContainerItemProxy */ = {
			isa = PBXContainerItemProxy;
			containerPortal = CF6DD32A26B0684000721F2A /* Project object */;
			proxyType = 1;
			remoteGlobalIDString = CF6DD33126B0684000721F2A;
			remoteInfo = Palette;
		};
		CF6DD35026B0684200721F2A /* PBXContainerItemProxy */ = {
			isa = PBXContainerItemProxy;
			containerPortal = CF6DD32A26B0684000721F2A /* Project object */;
			proxyType = 1;
			remoteGlobalIDString = CF6DD33126B0684000721F2A;
			remoteInfo = Palette;
		};
/* End PBXContainerItemProxy section */

/* Begin PBXFileReference section */
		CF6DD33226B0684000721F2A /* Palette.app */ = {isa = PBXFileReference; explicitFileType = wrapper.application; includeInIndex = 0; path = Palette.app; sourceTree = BUILT_PRODUCTS_DIR; };
		CF6DD33526B0684000721F2A /* AppDelegate.swift */ = {isa = PBXFileReference; lastKnownFileType = sourcecode.swift; path = AppDelegate.swift; sourceTree = "<group>"; };
		CF6DD33926B0684200721F2A /* Assets.xcassets */ = {isa = PBXFileReference; lastKnownFileType = folder.assetcatalog; path = Assets.xcassets; sourceTree = "<group>"; };
		CF6DD33E26B0684200721F2A /* Info.plist */ = {isa = PBXFileReference; lastKnownFileType = text.plist.xml; path = Info.plist; sourceTree = "<group>"; };
		CF6DD33F26B0684200721F2A /* Palette.entitlements */ = {isa = PBXFileReference; lastKnownFileType = text.plist.entitlements; path = Palette.entitlements; sourceTree = "<group>"; };
		CF6DD34426B0684200721F2A /* PaletteTests.xctest */ = {isa = PBXFileReference; explicitFileType = wrapper.cfbundle; includeInIndex = 0; path = PaletteTests.xctest; sourceTree = BUILT_PRODUCTS_DIR; };
		CF6DD34826B0684200721F2A /* PaletteTests.swift */ = {isa = PBXFileReference; lastKnownFileType = sourcecode.swift; path = PaletteTests.swift; sourceTree = "<group>"; };
		CF6DD34A26B0684200721F2A /* Info.plist */ = {isa = PBXFileReference; lastKnownFileType = text.plist.xml; path = Info.plist; sourceTree = "<group>"; };
		CF6DD34F26B0684200721F2A /* PaletteUITests.xctest */ = {isa = PBXFileReference; explicitFileType = wrapper.cfbundle; includeInIndex = 0; path = PaletteUITests.xctest; sourceTree = BUILT_PRODUCTS_DIR; };
		CF6DD35326B0684200721F2A /* PaletteUITests.swift */ = {isa = PBXFileReference; lastKnownFileType = sourcecode.swift; path = PaletteUITests.swift; sourceTree = "<group>"; };
		CF6DD35526B0684200721F2A /* Info.plist */ = {isa = PBXFileReference; lastKnownFileType = text.plist.xml; path = Info.plist; sourceTree = "<group>"; };
		CF6F366C26C3EA9A00FFE283 /* MainPanelController.swift */ = {isa = PBXFileReference; lastKnownFileType = sourcecode.swift; path = MainPanelController.swift; sourceTree = "<group>"; };
		CF6F367126C5240700FFE283 /* Constants.swift */ = {isa = PBXFileReference; lastKnownFileType = sourcecode.swift; path = Constants.swift; sourceTree = "<group>"; };
		CF8306FF26C0FBAB00E5A8A5 /* MainPanel.swift */ = {isa = PBXFileReference; lastKnownFileType = sourcecode.swift; path = MainPanel.swift; sourceTree = "<group>"; };
		CFCD713B26B1A4BC0014851C /* FileSearch.swift */ = {isa = PBXFileReference; lastKnownFileType = sourcecode.swift; path = FileSearch.swift; sourceTree = "<group>"; };
		CFCD713D26B2D2300014851C /* FileSearchTests.swift */ = {isa = PBXFileReference; lastKnownFileType = sourcecode.swift; path = FileSearchTests.swift; sourceTree = "<group>"; };
		CFCEC24226B458030009F5ED /* QuerySanitiserTests.swift */ = {isa = PBXFileReference; lastKnownFileType = sourcecode.swift; path = QuerySanitiserTests.swift; sourceTree = "<group>"; };
		CFCEC24426B458150009F5ED /* QuerySanitiser.swift */ = {isa = PBXFileReference; lastKnownFileType = sourcecode.swift; path = QuerySanitiser.swift; sourceTree = "<group>"; };
		CFF44F5B26D38A9D000AF18C /* LocalAppSearch.swift */ = {isa = PBXFileReference; lastKnownFileType = sourcecode.swift; path = LocalAppSearch.swift; sourceTree = "<group>"; };
		CFF44F5E26D3949A000AF18C /* ResultItem.swift */ = {isa = PBXFileReference; lastKnownFileType = sourcecode.swift; path = ResultItem.swift; sourceTree = "<group>"; };
		CFF44F6026D3C6E3000AF18C /* SceneViewController.swift */ = {isa = PBXFileReference; lastKnownFileType = sourcecode.swift; path = SceneViewController.swift; sourceTree = "<group>"; };
		CFF44F6326DA94A4000AF18C /* WidgetsViewController.swift */ = {isa = PBXFileReference; lastKnownFileType = sourcecode.swift; path = WidgetsViewController.swift; sourceTree = "<group>"; };
		CFF44F6426DA94A4000AF18C /* WidgetsViewController.xib */ = {isa = PBXFileReference; lastKnownFileType = file.xib; path = WidgetsViewController.xib; sourceTree = "<group>"; };
		CFF44F6726DE4F76000AF18C /* main.swift */ = {isa = PBXFileReference; lastKnownFileType = sourcecode.swift; path = main.swift; sourceTree = "<group>"; };
		CFF9AB8C26D24E7C0070613A /* MainViewController.swift */ = {isa = PBXFileReference; lastKnownFileType = sourcecode.swift; path = MainViewController.swift; sourceTree = "<group>"; };
		CFF9AB8D26D24E7C0070613A /* MainViewController.xib */ = {isa = PBXFileReference; lastKnownFileType = file.xib; path = MainViewController.xib; sourceTree = "<group>"; };
		CFF9AB9326D2A8F40070613A /* RootSearchViewController.swift */ = {isa = PBXFileReference; lastKnownFileType = sourcecode.swift; path = RootSearchViewController.swift; sourceTree = "<group>"; };
		CFF9AB9426D2A8F40070613A /* RootSearchViewController.xib */ = {isa = PBXFileReference; lastKnownFileType = file.xib; path = RootSearchViewController.xib; sourceTree = "<group>"; };
/* End PBXFileReference section */

/* Begin PBXFrameworksBuildPhase section */
		CF6DD32F26B0684000721F2A /* Frameworks */ = {
			isa = PBXFrameworksBuildPhase;
			buildActionMask = 2147483647;
			files = (
				CF6F367026C523C300FFE283 /* KeyboardShortcuts in Frameworks */,
			);
			runOnlyForDeploymentPostprocessing = 0;
		};
		CF6DD34126B0684200721F2A /* Frameworks */ = {
			isa = PBXFrameworksBuildPhase;
			buildActionMask = 2147483647;
			files = (
			);
			runOnlyForDeploymentPostprocessing = 0;
		};
		CF6DD34C26B0684200721F2A /* Frameworks */ = {
			isa = PBXFrameworksBuildPhase;
			buildActionMask = 2147483647;
			files = (
			);
			runOnlyForDeploymentPostprocessing = 0;
		};
/* End PBXFrameworksBuildPhase section */

/* Begin PBXGroup section */
		CF6DD32926B0684000721F2A = {
			isa = PBXGroup;
			children = (
				CF6DD33426B0684000721F2A /* Palette */,
				CF6DD34726B0684200721F2A /* PaletteTests */,
				CF6DD35226B0684200721F2A /* PaletteUITests */,
				CF6DD33326B0684000721F2A /* Products */,
			);
			sourceTree = "<group>";
		};
		CF6DD33326B0684000721F2A /* Products */ = {
			isa = PBXGroup;
			children = (
				CF6DD33226B0684000721F2A /* Palette.app */,
				CF6DD34426B0684200721F2A /* PaletteTests.xctest */,
				CF6DD34F26B0684200721F2A /* PaletteUITests.xctest */,
			);
			name = Products;
			sourceTree = "<group>";
		};
		CF6DD33426B0684000721F2A /* Palette */ = {
			isa = PBXGroup;
			children = (
				CFF44F5D26D3945D000AF18C /* ResultItem */,
				CFF9AB9226D2A8BA0070613A /* RootSearch */,
				CFF44F6226DA948B000AF18C /* Widgets */,
				CF6DD33526B0684000721F2A /* AppDelegate.swift */,
				CF6F367126C5240700FFE283 /* Constants.swift */,
				CFCD713B26B1A4BC0014851C /* FileSearch.swift */,
				CF8306FF26C0FBAB00E5A8A5 /* MainPanel.swift */,
				CF6F366C26C3EA9A00FFE283 /* MainPanelController.swift */,
				CFF9AB8C26D24E7C0070613A /* MainViewController.swift */,
				CFCEC24426B458150009F5ED /* QuerySanitiser.swift */,
				CFF44F6026D3C6E3000AF18C /* SceneViewController.swift */,
				CF6DD33926B0684200721F2A /* Assets.xcassets */,
				CFF9AB8D26D24E7C0070613A /* MainViewController.xib */,
				CF6DD33F26B0684200721F2A /* Palette.entitlements */,
				CF6DD33E26B0684200721F2A /* Info.plist */,
				CFF44F6726DE4F76000AF18C /* main.swift */,
			);
			path = Palette;
			sourceTree = "<group>";
		};
		CF6DD34726B0684200721F2A /* PaletteTests */ = {
			isa = PBXGroup;
			children = (
				CF6DD34826B0684200721F2A /* PaletteTests.swift */,
				CF6DD34A26B0684200721F2A /* Info.plist */,
				CFCD713D26B2D2300014851C /* FileSearchTests.swift */,
				CFCEC24226B458030009F5ED /* QuerySanitiserTests.swift */,
			);
			path = PaletteTests;
			sourceTree = "<group>";
		};
		CF6DD35226B0684200721F2A /* PaletteUITests */ = {
			isa = PBXGroup;
			children = (
				CF6DD35326B0684200721F2A /* PaletteUITests.swift */,
				CF6DD35526B0684200721F2A /* Info.plist */,
			);
			path = PaletteUITests;
			sourceTree = "<group>";
		};
		CFF44F5D26D3945D000AF18C /* ResultItem */ = {
			isa = PBXGroup;
			children = (
				CFF44F5E26D3949A000AF18C /* ResultItem.swift */,
			);
			path = ResultItem;
			sourceTree = "<group>";
		};
		CFF44F6226DA948B000AF18C /* Widgets */ = {
			isa = PBXGroup;
			children = (
				CFF44F6326DA94A4000AF18C /* WidgetsViewController.swift */,
				CFF44F6426DA94A4000AF18C /* WidgetsViewController.xib */,
			);
			path = Widgets;
			sourceTree = "<group>";
		};
		CFF9AB9226D2A8BA0070613A /* RootSearch */ = {
			isa = PBXGroup;
			children = (
				CFF9AB9326D2A8F40070613A /* RootSearchViewController.swift */,
				CFF9AB9426D2A8F40070613A /* RootSearchViewController.xib */,
				CFF44F5B26D38A9D000AF18C /* LocalAppSearch.swift */,
			);
			path = RootSearch;
			sourceTree = "<group>";
		};
/* End PBXGroup section */

/* Begin PBXNativeTarget section */
		CF6DD33126B0684000721F2A /* Palette */ = {
			isa = PBXNativeTarget;
			buildConfigurationList = CF6DD35826B0684200721F2A /* Build configuration list for PBXNativeTarget "Palette" */;
			buildPhases = (
				CF6DD32E26B0684000721F2A /* Sources */,
				CF6DD32F26B0684000721F2A /* Frameworks */,
				CF6DD33026B0684000721F2A /* Resources */,
			);
			buildRules = (
			);
			dependencies = (
			);
			name = Palette;
			packageProductDependencies = (
				CF6F366F26C523C300FFE283 /* KeyboardShortcuts */,
			);
			productName = Palette;
			productReference = CF6DD33226B0684000721F2A /* Palette.app */;
			productType = "com.apple.product-type.application";
		};
		CF6DD34326B0684200721F2A /* PaletteTests */ = {
			isa = PBXNativeTarget;
			buildConfigurationList = CF6DD35B26B0684200721F2A /* Build configuration list for PBXNativeTarget "PaletteTests" */;
			buildPhases = (
				CF6DD34026B0684200721F2A /* Sources */,
				CF6DD34126B0684200721F2A /* Frameworks */,
				CF6DD34226B0684200721F2A /* Resources */,
			);
			buildRules = (
			);
			dependencies = (
				CF6DD34626B0684200721F2A /* PBXTargetDependency */,
			);
			name = PaletteTests;
			productName = PaletteTests;
			productReference = CF6DD34426B0684200721F2A /* PaletteTests.xctest */;
			productType = "com.apple.product-type.bundle.unit-test";
		};
		CF6DD34E26B0684200721F2A /* PaletteUITests */ = {
			isa = PBXNativeTarget;
			buildConfigurationList = CF6DD35E26B0684200721F2A /* Build configuration list for PBXNativeTarget "PaletteUITests" */;
			buildPhases = (
				CF6DD34B26B0684200721F2A /* Sources */,
				CF6DD34C26B0684200721F2A /* Frameworks */,
				CF6DD34D26B0684200721F2A /* Resources */,
			);
			buildRules = (
			);
			dependencies = (
				CF6DD35126B0684200721F2A /* PBXTargetDependency */,
			);
			name = PaletteUITests;
			productName = PaletteUITests;
			productReference = CF6DD34F26B0684200721F2A /* PaletteUITests.xctest */;
			productType = "com.apple.product-type.bundle.ui-testing";
		};
/* End PBXNativeTarget section */

/* Begin PBXProject section */
		CF6DD32A26B0684000721F2A /* Project object */ = {
			isa = PBXProject;
			attributes = {
				LastSwiftUpdateCheck = 1250;
				LastUpgradeCheck = 1250;
				TargetAttributes = {
					CF6DD33126B0684000721F2A = {
						CreatedOnToolsVersion = 12.5.1;
					};
					CF6DD34326B0684200721F2A = {
						CreatedOnToolsVersion = 12.5.1;
						TestTargetID = CF6DD33126B0684000721F2A;
					};
					CF6DD34E26B0684200721F2A = {
						CreatedOnToolsVersion = 12.5.1;
						TestTargetID = CF6DD33126B0684000721F2A;
					};
				};
			};
			buildConfigurationList = CF6DD32D26B0684000721F2A /* Build configuration list for PBXProject "Palette" */;
			compatibilityVersion = "Xcode 9.3";
			developmentRegion = en;
			hasScannedForEncodings = 0;
			knownRegions = (
				en,
				Base,
			);
			mainGroup = CF6DD32926B0684000721F2A;
			packageReferences = (
				CF6F366E26C523C300FFE283 /* XCRemoteSwiftPackageReference "KeyboardShortcuts" */,
			);
			productRefGroup = CF6DD33326B0684000721F2A /* Products */;
			projectDirPath = "";
			projectRoot = "";
			targets = (
				CF6DD33126B0684000721F2A /* Palette */,
				CF6DD34326B0684200721F2A /* PaletteTests */,
				CF6DD34E26B0684200721F2A /* PaletteUITests */,
			);
		};
/* End PBXProject section */

/* Begin PBXResourcesBuildPhase section */
		CF6DD33026B0684000721F2A /* Resources */ = {
			isa = PBXResourcesBuildPhase;
			buildActionMask = 2147483647;
			files = (
				CFF44F6626DA94A4000AF18C /* WidgetsViewController.xib in Resources */,
				CFF9AB9626D2A8F40070613A /* RootSearchViewController.xib in Resources */,
				CFF9AB8F26D24E7C0070613A /* MainViewController.xib in Resources */,
				CF6DD33A26B0684200721F2A /* Assets.xcassets in Resources */,
			);
			runOnlyForDeploymentPostprocessing = 0;
		};
		CF6DD34226B0684200721F2A /* Resources */ = {
			isa = PBXResourcesBuildPhase;
			buildActionMask = 2147483647;
			files = (
			);
			runOnlyForDeploymentPostprocessing = 0;
		};
		CF6DD34D26B0684200721F2A /* Resources */ = {
			isa = PBXResourcesBuildPhase;
			buildActionMask = 2147483647;
			files = (
			);
			runOnlyForDeploymentPostprocessing = 0;
		};
/* End PBXResourcesBuildPhase section */

/* Begin PBXSourcesBuildPhase section */
		CF6DD32E26B0684000721F2A /* Sources */ = {
			isa = PBXSourcesBuildPhase;
			buildActionMask = 2147483647;
			files = (
				CF6F366D26C3EA9A00FFE283 /* MainPanelController.swift in Sources */,
				CFF44F6826DE4F76000AF18C /* main.swift in Sources */,
				CFF44F5F26D3949A000AF18C /* ResultItem.swift in Sources */,
				CFF44F5C26D38A9D000AF18C /* LocalAppSearch.swift in Sources */,
				CFCD713C26B1A4BC0014851C /* FileSearch.swift in Sources */,
				CFF9AB8E26D24E7C0070613A /* MainViewController.swift in Sources */,
				CF6DD33626B0684000721F2A /* AppDelegate.swift in Sources */,
				CFF44F6526DA94A4000AF18C /* WidgetsViewController.swift in Sources */,
				CFF44F6126D3C6E3000AF18C /* SceneViewController.swift in Sources */,
				CFCEC24526B458150009F5ED /* QuerySanitiser.swift in Sources */,
				CF83070026C0FBAB00E5A8A5 /* MainPanel.swift in Sources */,
				CFF9AB9526D2A8F40070613A /* RootSearchViewController.swift in Sources */,
				CF6F367226C5240700FFE283 /* Constants.swift in Sources */,
			);
			runOnlyForDeploymentPostprocessing = 0;
		};
		CF6DD34026B0684200721F2A /* Sources */ = {
			isa = PBXSourcesBuildPhase;
			buildActionMask = 2147483647;
			files = (
				CFCEC24326B458030009F5ED /* QuerySanitiserTests.swift in Sources */,
				CF6DD34926B0684200721F2A /* PaletteTests.swift in Sources */,
				CFCD713E26B2D2300014851C /* FileSearchTests.swift in Sources */,
			);
			runOnlyForDeploymentPostprocessing = 0;
		};
		CF6DD34B26B0684200721F2A /* Sources */ = {
			isa = PBXSourcesBuildPhase;
			buildActionMask = 2147483647;
			files = (
				CF6DD35426B0684200721F2A /* PaletteUITests.swift in Sources */,
			);
			runOnlyForDeploymentPostprocessing = 0;
		};
/* End PBXSourcesBuildPhase section */

/* Begin PBXTargetDependency section */
		CF6DD34626B0684200721F2A /* PBXTargetDependency */ = {
			isa = PBXTargetDependency;
			target = CF6DD33126B0684000721F2A /* Palette */;
			targetProxy = CF6DD34526B0684200721F2A /* PBXContainerItemProxy */;
		};
		CF6DD35126B0684200721F2A /* PBXTargetDependency */ = {
			isa = PBXTargetDependency;
			target = CF6DD33126B0684000721F2A /* Palette */;
			targetProxy = CF6DD35026B0684200721F2A /* PBXContainerItemProxy */;
		};
/* End PBXTargetDependency section */

/* Begin XCBuildConfiguration section */
		CF6DD35626B0684200721F2A /* Debug */ = {
			isa = XCBuildConfiguration;
			buildSettings = {
				ALWAYS_SEARCH_USER_PATHS = NO;
				CLANG_ANALYZER_NONNULL = YES;
				CLANG_ANALYZER_NUMBER_OBJECT_CONVERSION = YES_AGGRESSIVE;
				CLANG_CXX_LANGUAGE_STANDARD = "gnu++14";
				CLANG_CXX_LIBRARY = "libc++";
				CLANG_ENABLE_MODULES = YES;
				CLANG_ENABLE_OBJC_ARC = YES;
				CLANG_ENABLE_OBJC_WEAK = YES;
				CLANG_WARN_BLOCK_CAPTURE_AUTORELEASING = YES;
				CLANG_WARN_BOOL_CONVERSION = YES;
				CLANG_WARN_COMMA = YES;
				CLANG_WARN_CONSTANT_CONVERSION = YES;
				CLANG_WARN_DEPRECATED_OBJC_IMPLEMENTATIONS = YES;
				CLANG_WARN_DIRECT_OBJC_ISA_USAGE = YES_ERROR;
				CLANG_WARN_DOCUMENTATION_COMMENTS = YES;
				CLANG_WARN_EMPTY_BODY = YES;
				CLANG_WARN_ENUM_CONVERSION = YES;
				CLANG_WARN_INFINITE_RECURSION = YES;
				CLANG_WARN_INT_CONVERSION = YES;
				CLANG_WARN_NON_LITERAL_NULL_CONVERSION = YES;
				CLANG_WARN_OBJC_IMPLICIT_RETAIN_SELF = YES;
				CLANG_WARN_OBJC_LITERAL_CONVERSION = YES;
				CLANG_WARN_OBJC_ROOT_CLASS = YES_ERROR;
				CLANG_WARN_QUOTED_INCLUDE_IN_FRAMEWORK_HEADER = YES;
				CLANG_WARN_RANGE_LOOP_ANALYSIS = YES;
				CLANG_WARN_STRICT_PROTOTYPES = YES;
				CLANG_WARN_SUSPICIOUS_MOVE = YES;
				CLANG_WARN_UNGUARDED_AVAILABILITY = YES_AGGRESSIVE;
				CLANG_WARN_UNREACHABLE_CODE = YES;
				CLANG_WARN__DUPLICATE_METHOD_MATCH = YES;
				COPY_PHASE_STRIP = NO;
				DEBUG_INFORMATION_FORMAT = dwarf;
				ENABLE_STRICT_OBJC_MSGSEND = YES;
				ENABLE_TESTABILITY = YES;
				GCC_C_LANGUAGE_STANDARD = gnu11;
				GCC_DYNAMIC_NO_PIC = NO;
				GCC_NO_COMMON_BLOCKS = YES;
				GCC_OPTIMIZATION_LEVEL = 0;
				GCC_PREPROCESSOR_DEFINITIONS = (
					"DEBUG=1",
					"$(inherited)",
				);
				GCC_WARN_64_TO_32_BIT_CONVERSION = YES;
				GCC_WARN_ABOUT_RETURN_TYPE = YES_ERROR;
				GCC_WARN_UNDECLARED_SELECTOR = YES;
				GCC_WARN_UNINITIALIZED_AUTOS = YES_AGGRESSIVE;
				GCC_WARN_UNUSED_FUNCTION = YES;
				GCC_WARN_UNUSED_VARIABLE = YES;
				MACOSX_DEPLOYMENT_TARGET = 11.3;
				MTL_ENABLE_DEBUG_INFO = INCLUDE_SOURCE;
				MTL_FAST_MATH = YES;
				ONLY_ACTIVE_ARCH = YES;
				SDKROOT = macosx;
				SWIFT_ACTIVE_COMPILATION_CONDITIONS = DEBUG;
				SWIFT_OPTIMIZATION_LEVEL = "-Onone";
			};
			name = Debug;
		};
		CF6DD35726B0684200721F2A /* Release */ = {
			isa = XCBuildConfiguration;
			buildSettings = {
				ALWAYS_SEARCH_USER_PATHS = NO;
				CLANG_ANALYZER_NONNULL = YES;
				CLANG_ANALYZER_NUMBER_OBJECT_CONVERSION = YES_AGGRESSIVE;
				CLANG_CXX_LANGUAGE_STANDARD = "gnu++14";
				CLANG_CXX_LIBRARY = "libc++";
				CLANG_ENABLE_MODULES = YES;
				CLANG_ENABLE_OBJC_ARC = YES;
				CLANG_ENABLE_OBJC_WEAK = YES;
				CLANG_WARN_BLOCK_CAPTURE_AUTORELEASING = YES;
				CLANG_WARN_BOOL_CONVERSION = YES;
				CLANG_WARN_COMMA = YES;
				CLANG_WARN_CONSTANT_CONVERSION = YES;
				CLANG_WARN_DEPRECATED_OBJC_IMPLEMENTATIONS = YES;
				CLANG_WARN_DIRECT_OBJC_ISA_USAGE = YES_ERROR;
				CLANG_WARN_DOCUMENTATION_COMMENTS = YES;
				CLANG_WARN_EMPTY_BODY = YES;
				CLANG_WARN_ENUM_CONVERSION = YES;
				CLANG_WARN_INFINITE_RECURSION = YES;
				CLANG_WARN_INT_CONVERSION = YES;
				CLANG_WARN_NON_LITERAL_NULL_CONVERSION = YES;
				CLANG_WARN_OBJC_IMPLICIT_RETAIN_SELF = YES;
				CLANG_WARN_OBJC_LITERAL_CONVERSION = YES;
				CLANG_WARN_OBJC_ROOT_CLASS = YES_ERROR;
				CLANG_WARN_QUOTED_INCLUDE_IN_FRAMEWORK_HEADER = YES;
				CLANG_WARN_RANGE_LOOP_ANALYSIS = YES;
				CLANG_WARN_STRICT_PROTOTYPES = YES;
				CLANG_WARN_SUSPICIOUS_MOVE = YES;
				CLANG_WARN_UNGUARDED_AVAILABILITY = YES_AGGRESSIVE;
				CLANG_WARN_UNREACHABLE_CODE = YES;
				CLANG_WARN__DUPLICATE_METHOD_MATCH = YES;
				COPY_PHASE_STRIP = NO;
				DEBUG_INFORMATION_FORMAT = "dwarf-with-dsym";
				ENABLE_NS_ASSERTIONS = NO;
				ENABLE_STRICT_OBJC_MSGSEND = YES;
				GCC_C_LANGUAGE_STANDARD = gnu11;
				GCC_NO_COMMON_BLOCKS = YES;
				GCC_WARN_64_TO_32_BIT_CONVERSION = YES;
				GCC_WARN_ABOUT_RETURN_TYPE = YES_ERROR;
				GCC_WARN_UNDECLARED_SELECTOR = YES;
				GCC_WARN_UNINITIALIZED_AUTOS = YES_AGGRESSIVE;
				GCC_WARN_UNUSED_FUNCTION = YES;
				GCC_WARN_UNUSED_VARIABLE = YES;
				MACOSX_DEPLOYMENT_TARGET = 11.3;
				MTL_ENABLE_DEBUG_INFO = NO;
				MTL_FAST_MATH = YES;
				SDKROOT = macosx;
				SWIFT_COMPILATION_MODE = wholemodule;
				SWIFT_OPTIMIZATION_LEVEL = "-O";
			};
			name = Release;
		};
		CF6DD35926B0684200721F2A /* Debug */ = {
			isa = XCBuildConfiguration;
			buildSettings = {
				ASSETCATALOG_COMPILER_APPICON_NAME = AppIcon;
				ASSETCATALOG_COMPILER_GLOBAL_ACCENT_COLOR_NAME = AccentColor;
				CODE_SIGN_ENTITLEMENTS = Palette/Palette.entitlements;
				CODE_SIGN_STYLE = Automatic;
				COMBINE_HIDPI_IMAGES = YES;
				INFOPLIST_FILE = Palette/Info.plist;
				LD_RUNPATH_SEARCH_PATHS = (
					"$(inherited)",
					"@executable_path/../Frameworks",
				);
				PRODUCT_BUNDLE_IDENTIFIER = com.glocore.Palette;
				PRODUCT_NAME = "$(TARGET_NAME)";
				SWIFT_VERSION = 5.0;
			};
			name = Debug;
		};
		CF6DD35A26B0684200721F2A /* Release */ = {
			isa = XCBuildConfiguration;
			buildSettings = {
				ASSETCATALOG_COMPILER_APPICON_NAME = AppIcon;
				ASSETCATALOG_COMPILER_GLOBAL_ACCENT_COLOR_NAME = AccentColor;
				CODE_SIGN_ENTITLEMENTS = Palette/Palette.entitlements;
				CODE_SIGN_STYLE = Automatic;
				COMBINE_HIDPI_IMAGES = YES;
				INFOPLIST_FILE = Palette/Info.plist;
				LD_RUNPATH_SEARCH_PATHS = (
					"$(inherited)",
					"@executable_path/../Frameworks",
				);
				PRODUCT_BUNDLE_IDENTIFIER = com.glocore.Palette;
				PRODUCT_NAME = "$(TARGET_NAME)";
				SWIFT_VERSION = 5.0;
			};
			name = Release;
		};
		CF6DD35C26B0684200721F2A /* Debug */ = {
			isa = XCBuildConfiguration;
			buildSettings = {
				ALWAYS_EMBED_SWIFT_STANDARD_LIBRARIES = YES;
				BUNDLE_LOADER = "$(TEST_HOST)";
				CODE_SIGN_STYLE = Automatic;
				COMBINE_HIDPI_IMAGES = YES;
				INFOPLIST_FILE = PaletteTests/Info.plist;
				LD_RUNPATH_SEARCH_PATHS = (
					"$(inherited)",
					"@executable_path/../Frameworks",
					"@loader_path/../Frameworks",
				);
				MACOSX_DEPLOYMENT_TARGET = 11.3;
				PRODUCT_BUNDLE_IDENTIFIER = com.glocore.PaletteTests;
				PRODUCT_NAME = "$(TARGET_NAME)";
				SWIFT_VERSION = 5.0;
				TEST_HOST = "$(BUILT_PRODUCTS_DIR)/Palette.app/Contents/MacOS/Palette";
			};
			name = Debug;
		};
		CF6DD35D26B0684200721F2A /* Release */ = {
			isa = XCBuildConfiguration;
			buildSettings = {
				ALWAYS_EMBED_SWIFT_STANDARD_LIBRARIES = YES;
				BUNDLE_LOADER = "$(TEST_HOST)";
				CODE_SIGN_STYLE = Automatic;
				COMBINE_HIDPI_IMAGES = YES;
				INFOPLIST_FILE = PaletteTests/Info.plist;
				LD_RUNPATH_SEARCH_PATHS = (
					"$(inherited)",
					"@executable_path/../Frameworks",
					"@loader_path/../Frameworks",
				);
				MACOSX_DEPLOYMENT_TARGET = 11.3;
				PRODUCT_BUNDLE_IDENTIFIER = com.glocore.PaletteTests;
				PRODUCT_NAME = "$(TARGET_NAME)";
				SWIFT_VERSION = 5.0;
				TEST_HOST = "$(BUILT_PRODUCTS_DIR)/Palette.app/Contents/MacOS/Palette";
			};
			name = Release;
		};
		CF6DD35F26B0684200721F2A /* Debug */ = {
			isa = XCBuildConfiguration;
			buildSettings = {
				ALWAYS_EMBED_SWIFT_STANDARD_LIBRARIES = YES;
				CODE_SIGN_STYLE = Automatic;
				COMBINE_HIDPI_IMAGES = YES;
				INFOPLIST_FILE = PaletteUITests/Info.plist;
				LD_RUNPATH_SEARCH_PATHS = (
					"$(inherited)",
					"@executable_path/../Frameworks",
					"@loader_path/../Frameworks",
				);
				PRODUCT_BUNDLE_IDENTIFIER = com.glocore.PaletteUITests;
				PRODUCT_NAME = "$(TARGET_NAME)";
				SWIFT_VERSION = 5.0;
				TEST_TARGET_NAME = Palette;
			};
			name = Debug;
		};
		CF6DD36026B0684200721F2A /* Release */ = {
			isa = XCBuildConfiguration;
			buildSettings = {
				ALWAYS_EMBED_SWIFT_STANDARD_LIBRARIES = YES;
				CODE_SIGN_STYLE = Automatic;
				COMBINE_HIDPI_IMAGES = YES;
				INFOPLIST_FILE = PaletteUITests/Info.plist;
				LD_RUNPATH_SEARCH_PATHS = (
					"$(inherited)",
					"@executable_path/../Frameworks",
					"@loader_path/../Frameworks",
				);
				PRODUCT_BUNDLE_IDENTIFIER = com.glocore.PaletteUITests;
				PRODUCT_NAME = "$(TARGET_NAME)";
				SWIFT_VERSION = 5.0;
				TEST_TARGET_NAME = Palette;
			};
			name = Release;
		};
/* End XCBuildConfiguration section */

/* Begin XCConfigurationList section */
		CF6DD32D26B0684000721F2A /* Build configuration list for PBXProject "Palette" */ = {
			isa = XCConfigurationList;
			buildConfigurations = (
				CF6DD35626B0684200721F2A /* Debug */,
				CF6DD35726B0684200721F2A /* Release */,
			);
			defaultConfigurationIsVisible = 0;
			defaultConfigurationName = Release;
		};
		CF6DD35826B0684200721F2A /* Build configuration list for PBXNativeTarget "Palette" */ = {
			isa = XCConfigurationList;
			buildConfigurations = (
				CF6DD35926B0684200721F2A /* Debug */,
				CF6DD35A26B0684200721F2A /* Release */,
			);
			defaultConfigurationIsVisible = 0;
			defaultConfigurationName = Release;
		};
		CF6DD35B26B0684200721F2A /* Build configuration list for PBXNativeTarget "PaletteTests" */ = {
			isa = XCConfigurationList;
			buildConfigurations = (
				CF6DD35C26B0684200721F2A /* Debug */,
				CF6DD35D26B0684200721F2A /* Release */,
			);
			defaultConfigurationIsVisible = 0;
			defaultConfigurationName = Release;
		};
		CF6DD35E26B0684200721F2A /* Build configuration list for PBXNativeTarget "PaletteUITests" */ = {
			isa = XCConfigurationList;
			buildConfigurations = (
				CF6DD35F26B0684200721F2A /* Debug */,
				CF6DD36026B0684200721F2A /* Release */,
			);
			defaultConfigurationIsVisible = 0;
			defaultConfigurationName = Release;
		};
/* End XCConfigurationList section */

/* Begin XCRemoteSwiftPackageReference section */
		CF6F366E26C523C300FFE283 /* XCRemoteSwiftPackageReference "KeyboardShortcuts" */ = {
			isa = XCRemoteSwiftPackageReference;
			repositoryURL = "https://github.com/sindresorhus/KeyboardShortcuts";
			requirement = {
				kind = upToNextMajorVersion;
				minimumVersion = 1.2.0;
			};
		};
/* End XCRemoteSwiftPackageReference section */

/* Begin XCSwiftPackageProductDependency section */
		CF6F366F26C523C300FFE283 /* KeyboardShortcuts */ = {
			isa = XCSwiftPackageProductDependency;
			package = CF6F366E26C523C300FFE283 /* XCRemoteSwiftPackageReference "KeyboardShortcuts" */;
			productName = KeyboardShortcuts;
		};
/* End XCSwiftPackageProductDependency section */
	};
	rootObject = CF6DD32A26B0684000721F2A /* Project object */;
}
